{
  "name": "royal-games-social-casino",
  "version": "0.3.0",
  "lockfileVersion": 3,
  "requires": true,
  "packages": {
    "": {
      "name": "royal-games-social-casino",
      "version": "0.3.0",
      "hasInstallScript": true,
      "license": "Proprietary",
      "engines": {
        "node": "^18.0.0"
      }
    }
  }
}
